version = 1
revision = 3
requires-python = ">=3.9"

[[package]]
name = "beautifulsoup4"
version = "4.13.5"
source = { registry = "https://pypi.org/simple" }
dependencies = [
    { name = "soupsieve" },
    { name = "typing-extensions" },
]
sdist = { url = "https://files.pythonhosted.org/packages/85/2e/3e5079847e653b1f6dc647aa24549d68c6addb4c595cc0d902d1b19308ad/beautifulsoup4-4.13.5.tar.gz", hash = "sha256:5e70131382930e7c3de33450a2f54a63d5e4b19386eab43a5b34d594268f3695", size = 622954, upload-time = "2025-08-24T14:06:13.168Z" }
wheels = [
    { url = "https://files.pythonhosted.org/packages/04/eb/f4151e0c7377a6e08a38108609ba5cede57986802757848688aeedd1b9e8/beautifulsoup4-4.13.5-py3-none-any.whl", hash = "sha256:642085eaa22233aceadff9c69651bc51e8bf3f874fb6d7104ece2beb24b47c4a", size = 105113, upload-time = "2025-08-24T14:06:14.884Z" },
]

[[package]]
name = "certifi"
version = "2025.8.3"
source = { registry = "https://pypi.org/simple" }
sdist = { url = "https://files.pythonhosted.org/packages/dc/67/960ebe6bf230a96cda2e0abcf73af550ec4f090005363542f0765df162e0/certifi-2025.8.3.tar.gz", hash = "sha256:e564105f78ded564e3ae7c923924435e1daa7463faeab5bb932bc53ffae63407", size = 162386, upload-time = "2025-08-03T03:07:47.08Z" }
wheels = [
    { url = "https://files.pythonhosted.org/packages/e5/48/1549795ba7742c948d2ad169c1c8cdbae65bc450d6cd753d124b17c8cd32/certifi-2025.8.3-py3-none-any.whl", hash = "sha256:f6c12493cfb1b06ba2ff328595af9350c65d6644968e5d3a2ffd78699af217a5", size = 161216, upload-time = "2025-08-03T03:07:45.777Z" },
]

[[package]]
name = "charset-normalizer"
version = "3.4.3"
source = { registry = "https://pypi.org/simple" }
sdist = { url = "https://files.pythonhosted.org/packages/83/2d/5fd176ceb9b2fc619e63405525573493ca23441330fcdaee6bef9460e924/charset_normalizer-3.4.3.tar.gz", hash = "sha256:6fce4b8500244f6fcb71465d4a4930d132ba9ab8e71a7859e6a5d59851068d14", size = 122371, upload-time = "2025-08-09T07:57:28.46Z" }
wheels = [
    { url = "https://files.pythonhosted.org/packages/d6/98/f3b8013223728a99b908c9344da3aa04ee6e3fa235f19409033eda92fb78/charset_normalizer-3.4.3-cp310-cp310-macosx_10_9_universal2.whl", hash = "sha256:fb7f67a1bfa6e40b438170ebdc8158b78dc465a5a67b6dde178a46987b244a72", size = 207695, upload-time = "2025-08-09T07:55:36.452Z" },
    { url = "https://files.pythonhosted.org/packages/21/40/5188be1e3118c82dcb7c2a5ba101b783822cfb413a0268ed3be0468532de/charset_normalizer-3.4.3-cp310-cp310-manylinux2014_aarch64.manylinux_2_17_aarch64.manylinux_2_28_aarch64.whl", hash = "sha256:cc9370a2da1ac13f0153780040f465839e6cccb4a1e44810124b4e22483c93fe", size = 147153, upload-time = "2025-08-09T07:55:38.467Z" },
    { url = "https://files.pythonhosted.org/packages/37/60/5d0d74bc1e1380f0b72c327948d9c2aca14b46a9efd87604e724260f384c/charset_normalizer-3.4.3-cp310-cp310-manylinux2014_ppc64le.manylinux_2_17_ppc64le.manylinux_2_28_ppc64le.whl", hash = "sha256:07a0eae9e2787b586e129fdcbe1af6997f8d0e5abaa0bc98c0e20e124d67e601", size = 160428, upload-time = "2025-08-09T07:55:40.072Z" },
    { url = "https://files.pythonhosted.org/packages/85/9a/d891f63722d9158688de58d050c59dc3da560ea7f04f4c53e769de5140f5/charset_normalizer-3.4.3-cp310-cp310-manylinux2014_s390x.manylinux_2_17_s390x.manylinux_2_28_s390x.whl", hash = "sha256:74d77e25adda8581ffc1c720f1c81ca082921329452eba58b16233ab1842141c", size = 157627, upload-time = "2025-08-09T07:55:41.706Z" },
    { url = "https://files.pythonhosted.org/packages/65/1a/7425c952944a6521a9cfa7e675343f83fd82085b8af2b1373a2409c683dc/charset_normalizer-3.4.3-cp310-cp310-manylinux2014_x86_64.manylinux_2_17_x86_64.manylinux_2_28_x86_64.whl", hash = "sha256:d0e909868420b7049dafd3a31d45125b31143eec59235311fc4c57ea26a4acd2", size = 152388, upload-time = "2025-08-09T07:55:43.262Z" },
    { url = "https://files.pythonhosted.org/packages/f0/c9/a2c9c2a355a8594ce2446085e2ec97fd44d323c684ff32042e2a6b718e1d/charset_normalizer-3.4.3-cp310-cp310-musllinux_1_2_aarch64.whl", hash = "sha256:c6f162aabe9a91a309510d74eeb6507fab5fff92337a15acbe77753d88d9dcf0", size = 150077, upload-time = "2025-08-09T07:55:44.903Z" },
    { url = "https://files.pythonhosted.org/packages/3b/38/20a1f44e4851aa1c9105d6e7110c9d020e093dfa5836d712a5f074a12bf7/charset_normalizer-3.4.3-cp310-cp310-musllinux_1_2_ppc64le.whl", hash = "sha256:4ca4c094de7771a98d7fbd67d9e5dbf1eb73efa4f744a730437d8a3a5cf994f0", size = 161631, upload-time = "2025-08-09T07:55:46.346Z" },
    { url = "https://files.pythonhosted.org/packages/a4/fa/384d2c0f57edad03d7bec3ebefb462090d8905b4ff5a2d2525f3bb711fac/charset_normalizer-3.4.3-cp310-cp310-musllinux_1_2_s390x.whl", hash = "sha256:02425242e96bcf29a49711b0ca9f37e451da7c70562bc10e8ed992a5a7a25cc0", size = 159210, upload-time = "2025-08-09T07:55:47.539Z" },
    { url = "https://files.pythonhosted.org/packages/33/9e/eca49d35867ca2db336b6ca27617deed4653b97ebf45dfc21311ce473c37/charset_normalizer-3.4.3-cp310-cp310-musllinux_1_2_x86_64.whl", hash = "sha256:78deba4d8f9590fe4dae384aeff04082510a709957e968753ff3c48399f6f92a", size = 153739, upload-time = "2025-08-09T07:55:48.744Z" },
    { url = "https://files.pythonhosted.org/packages/2a/91/26c3036e62dfe8de8061182d33be5025e2424002125c9500faff74a6735e/charset_normalizer-3.4.3-cp310-cp310-win32.whl", hash = "sha256:d79c198e27580c8e958906f803e63cddb77653731be08851c7df0b1a14a8fc0f", size = 99825, upload-time = "2025-08-09T07:55:50.305Z" },
    { url = "https://files.pythonhosted.org/packages/e2/c6/f05db471f81af1fa01839d44ae2a8bfeec8d2a8b4590f16c4e7393afd323/charset_normalizer-3.4.3-cp310-cp310-win_amd64.whl", hash = "sha256:c6e490913a46fa054e03699c70019ab869e990270597018cef1d8562132c2669", size = 107452, upload-time = "2025-08-09T07:55:51.461Z" },
    { url = "https://files.pythonhosted.org/packages/7f/b5/991245018615474a60965a7c9cd2b4efbaabd16d582a5547c47ee1c7730b/charset_normalizer-3.4.3-cp311-cp311-macosx_10_9_universal2.whl", hash = "sha256:b256ee2e749283ef3ddcff51a675ff43798d92d746d1a6e4631bf8c707d22d0b", size = 204483, upload-time = "2025-08-09T07:55:53.12Z" },
    { url = "https://files.pythonhosted.org/packages/c7/2a/ae245c41c06299ec18262825c1569c5d3298fc920e4ddf56ab011b417efd/charset_normalizer-3.4.3-cp311-cp311-manylinux2014_aarch64.manylinux_2_17_aarch64.manylinux_2_28_aarch64.whl", hash = "sha256:13faeacfe61784e2559e690fc53fa4c5ae97c6fcedb8eb6fb8d0a15b475d2c64", size = 145520, upload-time = "2025-08-09T07:55:54.712Z" },
    { url = "https://files.pythonhosted.org/packages/3a/a4/b3b6c76e7a635748c4421d2b92c7b8f90a432f98bda5082049af37ffc8e3/charset_normalizer-3.4.3-cp311-cp311-manylinux2014_ppc64le.manylinux_2_17_ppc64le.manylinux_2_28_ppc64le.whl", hash = "sha256:00237675befef519d9af72169d8604a067d92755e84fe76492fef5441db05b91", size = 158876, upload-time = "2025-08-09T07:55:56.024Z" },
    { url = "https://files.pythonhosted.org/packages/e2/e6/63bb0e10f90a8243c5def74b5b105b3bbbfb3e7bb753915fe333fb0c11ea/charset_normalizer-3.4.3-cp311-cp311-manylinux2014_s390x.manylinux_2_17_s390x.manylinux_2_28_s390x.whl", hash = "sha256:585f3b2a80fbd26b048a0be90c5aae8f06605d3c92615911c3a2b03a8a3b796f", size = 156083, upload-time = "2025-08-09T07:55:57.582Z" },
    { url = "https://files.pythonhosted.org/packages/87/df/b7737ff046c974b183ea9aa111b74185ac8c3a326c6262d413bd5a1b8c69/charset_normalizer-3.4.3-cp311-cp311-manylinux2014_x86_64.manylinux_2_17_x86_64.manylinux_2_28_x86_64.whl", hash = "sha256:0e78314bdc32fa80696f72fa16dc61168fda4d6a0c014e0380f9d02f0e5d8a07", size = 150295, upload-time = "2025-08-09T07:55:59.147Z" },
    { url = "https://files.pythonhosted.org/packages/61/f1/190d9977e0084d3f1dc169acd060d479bbbc71b90bf3e7bf7b9927dec3eb/charset_normalizer-3.4.3-cp311-cp311-musllinux_1_2_aarch64.whl", hash = "sha256:96b2b3d1a83ad55310de8c7b4a2d04d9277d5591f40761274856635acc5fcb30", size = 148379, upload-time = "2025-08-09T07:56:00.364Z" },
    { url = "https://files.pythonhosted.org/packages/4c/92/27dbe365d34c68cfe0ca76f1edd70e8705d82b378cb54ebbaeabc2e3029d/charset_normalizer-3.4.3-cp311-cp311-musllinux_1_2_ppc64le.whl", hash = "sha256:939578d9d8fd4299220161fdd76e86c6a251987476f5243e8864a7844476ba14", size = 160018, upload-time = "2025-08-09T07:56:01.678Z" },
    { url = "https://files.pythonhosted.org/packages/99/04/baae2a1ea1893a01635d475b9261c889a18fd48393634b6270827869fa34/charset_normalizer-3.4.3-cp311-cp311-musllinux_1_2_s390x.whl", hash = "sha256:fd10de089bcdcd1be95a2f73dbe6254798ec1bda9f450d5828c96f93e2536b9c", size = 157430, upload-time = "2025-08-09T07:56:02.87Z" },
    { url = "https://files.pythonhosted.org/packages/2f/36/77da9c6a328c54d17b960c89eccacfab8271fdaaa228305330915b88afa9/charset_normalizer-3.4.3-cp311-cp311-musllinux_1_2_x86_64.whl", hash = "sha256:1e8ac75d72fa3775e0b7cb7e4629cec13b7514d928d15ef8ea06bca03ef01cae", size = 151600, upload-time = "2025-08-09T07:56:04.089Z" },
    { url = "https://files.pythonhosted.org/packages/64/d4/9eb4ff2c167edbbf08cdd28e19078bf195762e9bd63371689cab5ecd3d0d/charset_normalizer-3.4.3-cp311-cp311-win32.whl", hash = "sha256:6cf8fd4c04756b6b60146d98cd8a77d0cdae0e1ca20329da2ac85eed779b6849", size = 99616, upload-time = "2025-08-09T07:56:05.658Z" },
    { url = "https://files.pythonhosted.org/packages/f4/9c/996a4a028222e7761a96634d1820de8a744ff4327a00ada9c8942033089b/charset_normalizer-3.4.3-cp311-cp311-win_amd64.whl", hash = "sha256:31a9a6f775f9bcd865d88ee350f0ffb0e25936a7f930ca98995c05abf1faf21c", size = 107108, upload-time = "2025-08-09T07:56:07.176Z" },
    { url = "https://files.pythonhosted.org/packages/e9/5e/14c94999e418d9b87682734589404a25854d5f5d0408df68bc15b6ff54bb/charset_normalizer-3.4.3-cp312-cp312-macosx_10_13_universal2.whl", hash = "sha256:e28e334d3ff134e88989d90ba04b47d84382a828c061d0d1027b1b12a62b39b1", size = 205655, upload-time = "2025-08-09T07:56:08.475Z" },
    { url = "https://files.pythonhosted.org/packages/7d/a8/c6ec5d389672521f644505a257f50544c074cf5fc292d5390331cd6fc9c3/charset_normalizer-3.4.3-cp312-cp312-manylinux2014_aarch64.manylinux_2_17_aarch64.manylinux_2_28_aarch64.whl", hash = "sha256:0cacf8f7297b0c4fcb74227692ca46b4a5852f8f4f24b3c766dd94a1075c4884", size = 146223, upload-time = "2025-08-09T07:56:09.708Z" },
    { url = "https://files.pythonhosted.org/packages/fc/eb/a2ffb08547f4e1e5415fb69eb7db25932c52a52bed371429648db4d84fb1/charset_normalizer-3.4.3-cp312-cp312-manylinux2014_ppc64le.manylinux_2_17_ppc64le.manylinux_2_28_ppc64le.whl", hash = "sha256:c6fd51128a41297f5409deab284fecbe5305ebd7e5a1f959bee1c054622b7018", size = 159366, upload-time = "2025-08-09T07:56:11.326Z" },
    { url = "https://files.pythonhosted.org/packages/82/10/0fd19f20c624b278dddaf83b8464dcddc2456cb4b02bb902a6da126b87a1/charset_normalizer-3.4.3-cp312-cp312-manylinux2014_s390x.manylinux_2_17_s390x.manylinux_2_28_s390x.whl", hash = "sha256:3cfb2aad70f2c6debfbcb717f23b7eb55febc0bb23dcffc0f076009da10c6392", size = 157104, upload-time = "2025-08-09T07:56:13.014Z" },
    { url = "https://files.pythonhosted.org/packages/16/ab/0233c3231af734f5dfcf0844aa9582d5a1466c985bbed6cedab85af9bfe3/charset_normalizer-3.4.3-cp312-cp312-manylinux2014_x86_64.manylinux_2_17_x86_64.manylinux_2_28_x86_64.whl", hash = "sha256:1606f4a55c0fd363d754049cdf400175ee96c992b1f8018b993941f221221c5f", size = 151830, upload-time = "2025-08-09T07:56:14.428Z" },
    { url = "https://files.pythonhosted.org/packages/ae/02/e29e22b4e02839a0e4a06557b1999d0a47db3567e82989b5bb21f3fbbd9f/charset_normalizer-3.4.3-cp312-cp312-musllinux_1_2_aarch64.whl", hash = "sha256:027b776c26d38b7f15b26a5da1044f376455fb3766df8fc38563b4efbc515154", size = 148854, upload-time = "2025-08-09T07:56:16.051Z" },
    { url = "https://files.pythonhosted.org/packages/05/6b/e2539a0a4be302b481e8cafb5af8792da8093b486885a1ae4d15d452bcec/charset_normalizer-3.4.3-cp312-cp312-musllinux_1_2_ppc64le.whl", hash = "sha256:42e5088973e56e31e4fa58eb6bd709e42fc03799c11c42929592889a2e54c491", size = 160670, upload-time = "2025-08-09T07:56:17.314Z" },
    { url = "https://files.pythonhosted.org/packages/31/e7/883ee5676a2ef217a40ce0bffcc3d0dfbf9e64cbcfbdf822c52981c3304b/charset_normalizer-3.4.3-cp312-cp312-musllinux_1_2_s390x.whl", hash = "sha256:cc34f233c9e71701040d772aa7490318673aa7164a0efe3172b2981218c26d93", size = 158501, upload-time = "2025-08-09T07:56:18.641Z" },
    { url = "https://files.pythonhosted.org/packages/c1/35/6525b21aa0db614cf8b5792d232021dca3df7f90a1944db934efa5d20bb1/charset_normalizer-3.4.3-cp312-cp312-musllinux_1_2_x86_64.whl", hash = "sha256:320e8e66157cc4e247d9ddca8e21f427efc7a04bbd0ac8a9faf56583fa543f9f", size = 153173, upload-time = "2025-08-09T07:56:20.289Z" },
    { url = "https://files.pythonhosted.org/packages/50/ee/f4704bad8201de513fdc8aac1cabc87e38c5818c93857140e06e772b5892/charset_normalizer-3.4.3-cp312-cp312-win32.whl", hash = "sha256:fb6fecfd65564f208cbf0fba07f107fb661bcd1a7c389edbced3f7a493f70e37", size = 99822, upload-time = "2025-08-09T07:56:21.551Z" },
    { url = "https://files.pythonhosted.org/packages/39/f5/3b3836ca6064d0992c58c7561c6b6eee1b3892e9665d650c803bd5614522/charset_normalizer-3.4.3-cp312-cp312-win_amd64.whl", hash = "sha256:86df271bf921c2ee3818f0522e9a5b8092ca2ad8b065ece5d7d9d0e9f4849bcc", size = 107543, upload-time = "2025-08-09T07:56:23.115Z" },
    { url = "https://files.pythonhosted.org/packages/65/ca/2135ac97709b400c7654b4b764daf5c5567c2da45a30cdd20f9eefe2d658/charset_normalizer-3.4.3-cp313-cp313-macosx_10_13_universal2.whl", hash = "sha256:14c2a87c65b351109f6abfc424cab3927b3bdece6f706e4d12faaf3d52ee5efe", size = 205326, upload-time = "2025-08-09T07:56:24.721Z" },
    { url = "https://files.pythonhosted.org/packages/71/11/98a04c3c97dd34e49c7d247083af03645ca3730809a5509443f3c37f7c99/charset_normalizer-3.4.3-cp313-cp313-manylinux2014_aarch64.manylinux_2_17_aarch64.manylinux_2_28_aarch64.whl", hash = "sha256:41d1fc408ff5fdfb910200ec0e74abc40387bccb3252f3f27c0676731df2b2c8", size = 146008, upload-time = "2025-08-09T07:56:26.004Z" },
    { url = "https://files.pythonhosted.org/packages/60/f5/4659a4cb3c4ec146bec80c32d8bb16033752574c20b1252ee842a95d1a1e/charset_normalizer-3.4.3-cp313-cp313-manylinux2014_ppc64le.manylinux_2_17_ppc64le.manylinux_2_28_ppc64le.whl", hash = "sha256:1bb60174149316da1c35fa5233681f7c0f9f514509b8e399ab70fea5f17e45c9", size = 159196, upload-time = "2025-08-09T07:56:27.25Z" },
    { url = "https://files.pythonhosted.org/packages/86/9e/f552f7a00611f168b9a5865a1414179b2c6de8235a4fa40189f6f79a1753/charset_normalizer-3.4.3-cp313-cp313-manylinux2014_s390x.manylinux_2_17_s390x.manylinux_2_28_s390x.whl", hash = "sha256:30d006f98569de3459c2fc1f2acde170b7b2bd265dc1943e87e1a4efe1b67c31", size = 156819, upload-time = "2025-08-09T07:56:28.515Z" },
    { url = "https://files.pythonhosted.org/packages/7e/95/42aa2156235cbc8fa61208aded06ef46111c4d3f0de233107b3f38631803/charset_normalizer-3.4.3-cp313-cp313-manylinux2014_x86_64.manylinux_2_17_x86_64.manylinux_2_28_x86_64.whl", hash = "sha256:416175faf02e4b0810f1f38bcb54682878a4af94059a1cd63b8747244420801f", size = 151350, upload-time = "2025-08-09T07:56:29.716Z" },
    { url = "https://files.pythonhosted.org/packages/c2/a9/3865b02c56f300a6f94fc631ef54f0a8a29da74fb45a773dfd3dcd380af7/charset_normalizer-3.4.3-cp313-cp313-musllinux_1_2_aarch64.whl", hash = "sha256:6aab0f181c486f973bc7262a97f5aca3ee7e1437011ef0c2ec04b5a11d16c927", size = 148644, upload-time = "2025-08-09T07:56:30.984Z" },
    { url = "https://files.pythonhosted.org/packages/77/d9/cbcf1a2a5c7d7856f11e7ac2d782aec12bdfea60d104e60e0aa1c97849dc/charset_normalizer-3.4.3-cp313-cp313-musllinux_1_2_ppc64le.whl", hash = "sha256:fdabf8315679312cfa71302f9bd509ded4f2f263fb5b765cf1433b39106c3cc9", size = 160468, upload-time = "2025-08-09T07:56:32.252Z" },
    { url = "https://files.pythonhosted.org/packages/f6/42/6f45efee8697b89fda4d50580f292b8f7f9306cb2971d4b53f8914e4d890/charset_normalizer-3.4.3-cp313-cp313-musllinux_1_2_s390x.whl", hash = "sha256:bd28b817ea8c70215401f657edef3a8aa83c29d447fb0b622c35403780ba11d5", size = 158187, upload-time = "2025-08-09T07:56:33.481Z" },
    { url = "https://files.pythonhosted.org/packages/70/99/f1c3bdcfaa9c45b3ce96f70b14f070411366fa19549c1d4832c935d8e2c3/charset_normalizer-3.4.3-cp313-cp313-musllinux_1_2_x86_64.whl", hash = "sha256:18343b2d246dc6761a249ba1fb13f9ee9a2bcd95decc767319506056ea4ad4dc", size = 152699, upload-time = "2025-08-09T07:56:34.739Z" },
    { url = "https://files.pythonhosted.org/packages/a3/ad/b0081f2f99a4b194bcbb1934ef3b12aa4d9702ced80a37026b7607c72e58/charset_normalizer-3.4.3-cp313-cp313-win32.whl", hash = "sha256:6fb70de56f1859a3f71261cbe41005f56a7842cc348d3aeb26237560bfa5e0ce", size = 99580, upload-time = "2025-08-09T07:56:35.981Z" },
    { url = "https://files.pythonhosted.org/packages/9a/8f/ae790790c7b64f925e5c953b924aaa42a243fb778fed9e41f147b2a5715a/charset_normalizer-3.4.3-cp313-cp313-win_amd64.whl", hash = "sha256:cf1ebb7d78e1ad8ec2a8c4732c7be2e736f6e5123a4146c5b89c9d1f585f8cef", size = 107366, upload-time = "2025-08-09T07:56:37.339Z" },
    { url = "https://files.pythonhosted.org/packages/8e/91/b5a06ad970ddc7a0e513112d40113e834638f4ca1120eb727a249fb2715e/charset_normalizer-3.4.3-cp314-cp314-macosx_10_13_universal2.whl", hash = "sha256:3cd35b7e8aedeb9e34c41385fda4f73ba609e561faedfae0a9e75e44ac558a15", size = 204342, upload-time = "2025-08-09T07:56:38.687Z" },
    { url = "https://files.pythonhosted.org/packages/ce/ec/1edc30a377f0a02689342f214455c3f6c2fbedd896a1d2f856c002fc3062/charset_normalizer-3.4.3-cp314-cp314-manylinux2014_aarch64.manylinux_2_17_aarch64.manylinux_2_28_aarch64.whl", hash = "sha256:b89bc04de1d83006373429975f8ef9e7932534b8cc9ca582e4db7d20d91816db", size = 145995, upload-time = "2025-08-09T07:56:40.048Z" },
    { url = "https://files.pythonhosted.org/packages/17/e5/5e67ab85e6d22b04641acb5399c8684f4d37caf7558a53859f0283a650e9/charset_normalizer-3.4.3-cp314-cp314-manylinux2014_ppc64le.manylinux_2_17_ppc64le.manylinux_2_28_ppc64le.whl", hash = "sha256:2001a39612b241dae17b4687898843f254f8748b796a2e16f1051a17078d991d", size = 158640, upload-time = "2025-08-09T07:56:41.311Z" },
    { url = "https://files.pythonhosted.org/packages/f1/e5/38421987f6c697ee3722981289d554957c4be652f963d71c5e46a262e135/charset_normalizer-3.4.3-cp314-cp314-manylinux2014_s390x.manylinux_2_17_s390x.manylinux_2_28_s390x.whl", hash = "sha256:8dcfc373f888e4fb39a7bc57e93e3b845e7f462dacc008d9749568b1c4ece096", size = 156636, upload-time = "2025-08-09T07:56:43.195Z" },
    { url = "https://files.pythonhosted.org/packages/a0/e4/5a075de8daa3ec0745a9a3b54467e0c2967daaaf2cec04c845f73493e9a1/charset_normalizer-3.4.3-cp314-cp314-manylinux2014_x86_64.manylinux_2_17_x86_64.manylinux_2_28_x86_64.whl", hash = "sha256:18b97b8404387b96cdbd30ad660f6407799126d26a39ca65729162fd810a99aa", size = 150939, upload-time = "2025-08-09T07:56:44.819Z" },
    { url = "https://files.pythonhosted.org/packages/02/f7/3611b32318b30974131db62b4043f335861d4d9b49adc6d57c1149cc49d4/charset_normalizer-3.4.3-cp314-cp314-musllinux_1_2_aarch64.whl", hash = "sha256:ccf600859c183d70eb47e05a44cd80a4ce77394d1ac0f79dbd2dd90a69a3a049", size = 148580, upload-time = "2025-08-09T07:56:46.684Z" },
    { url = "https://files.pythonhosted.org/packages/7e/61/19b36f4bd67f2793ab6a99b979b4e4f3d8fc754cbdffb805335df4337126/charset_normalizer-3.4.3-cp314-cp314-musllinux_1_2_ppc64le.whl", hash = "sha256:53cd68b185d98dde4ad8990e56a58dea83a4162161b1ea9272e5c9182ce415e0", size = 159870, upload-time = "2025-08-09T07:56:47.941Z" },
    { url = "https://files.pythonhosted.org/packages/06/57/84722eefdd338c04cf3030ada66889298eaedf3e7a30a624201e0cbe424a/charset_normalizer-3.4.3-cp314-cp314-musllinux_1_2_s390x.whl", hash = "sha256:30a96e1e1f865f78b030d65241c1ee850cdf422d869e9028e2fc1d5e4db73b92", size = 157797, upload-time = "2025-08-09T07:56:49.756Z" },
    { url = "https://files.pythonhosted.org/packages/72/2a/aff5dd112b2f14bcc3462c312dce5445806bfc8ab3a7328555da95330e4b/charset_normalizer-3.4.3-cp314-cp314-musllinux_1_2_x86_64.whl", hash = "sha256:d716a916938e03231e86e43782ca7878fb602a125a91e7acb8b5112e2e96ac16", size = 152224, upload-time = "2025-08-09T07:56:51.369Z" },
    { url = "https://files.pythonhosted.org/packages/b7/8c/9839225320046ed279c6e839d51f028342eb77c91c89b8ef2549f951f3ec/charset_normalizer-3.4.3-cp314-cp314-win32.whl", hash = "sha256:c6dbd0ccdda3a2ba7c2ecd9d77b37f3b5831687d8dc1b6ca5f56a4880cc7b7ce", size = 100086, upload-time = "2025-08-09T07:56:52.722Z" },
    { url = "https://files.pythonhosted.org/packages/ee/7a/36fbcf646e41f710ce0a563c1c9a343c6edf9be80786edeb15b6f62e17db/charset_normalizer-3.4.3-cp314-cp314-win_amd64.whl", hash = "sha256:73dc19b562516fc9bcf6e5d6e596df0b4eb98d87e4f79f3ae71840e6ed21361c", size = 107400, upload-time = "2025-08-09T07:56:55.172Z" },
    { url = "https://files.pythonhosted.org/packages/c2/ca/9a0983dd5c8e9733565cf3db4df2b0a2e9a82659fd8aa2a868ac6e4a991f/charset_normalizer-3.4.3-cp39-cp39-macosx_10_9_universal2.whl", hash = "sha256:70bfc5f2c318afece2f5838ea5e4c3febada0be750fcf4775641052bbba14d05", size = 207520, upload-time = "2025-08-09T07:57:11.026Z" },
    { url = "https://files.pythonhosted.org/packages/39/c6/99271dc37243a4f925b09090493fb96c9333d7992c6187f5cfe5312008d2/charset_normalizer-3.4.3-cp39-cp39-manylinux2014_aarch64.manylinux_2_17_aarch64.manylinux_2_28_aarch64.whl", hash = "sha256:23b6b24d74478dc833444cbd927c338349d6ae852ba53a0d02a2de1fce45b96e", size = 147307, upload-time = "2025-08-09T07:57:12.4Z" },
    { url = "https://files.pythonhosted.org/packages/e4/69/132eab043356bba06eb333cc2cc60c6340857d0a2e4ca6dc2b51312886b3/charset_normalizer-3.4.3-cp39-cp39-manylinux2014_ppc64le.manylinux_2_17_ppc64le.manylinux_2_28_ppc64le.whl", hash = "sha256:34a7f768e3f985abdb42841e20e17b330ad3aaf4bb7e7aeeb73db2e70f077b99", size = 160448, upload-time = "2025-08-09T07:57:13.712Z" },
    { url = "https://files.pythonhosted.org/packages/04/9a/914d294daa4809c57667b77470533e65def9c0be1ef8b4c1183a99170e9d/charset_normalizer-3.4.3-cp39-cp39-manylinux2014_s390x.manylinux_2_17_s390x.manylinux_2_28_s390x.whl", hash = "sha256:fb731e5deb0c7ef82d698b0f4c5bb724633ee2a489401594c5c88b02e6cb15f7", size = 157758, upload-time = "2025-08-09T07:57:14.979Z" },
    { url = "https://files.pythonhosted.org/packages/b0/a8/6f5bcf1bcf63cb45625f7c5cadca026121ff8a6c8a3256d8d8cd59302663/charset_normalizer-3.4.3-cp39-cp39-manylinux2014_x86_64.manylinux_2_17_x86_64.manylinux_2_28_x86_64.whl", hash = "sha256:257f26fed7d7ff59921b78244f3cd93ed2af1800ff048c33f624c87475819dd7", size = 152487, upload-time = "2025-08-09T07:57:16.332Z" },
    { url = "https://files.pythonhosted.org/packages/c4/72/d3d0e9592f4e504f9dea08b8db270821c909558c353dc3b457ed2509f2fb/charset_normalizer-3.4.3-cp39-cp39-musllinux_1_2_aarch64.whl", hash = "sha256:1ef99f0456d3d46a50945c98de1774da86f8e992ab5c77865ea8b8195341fc19", size = 150054, upload-time = "2025-08-09T07:57:17.576Z" },
    { url = "https://files.pythonhosted.org/packages/20/30/5f64fe3981677fe63fa987b80e6c01042eb5ff653ff7cec1b7bd9268e54e/charset_normalizer-3.4.3-cp39-cp39-musllinux_1_2_ppc64le.whl", hash = "sha256:2c322db9c8c89009a990ef07c3bcc9f011a3269bc06782f916cd3d9eed7c9312", size = 161703, upload-time = "2025-08-09T07:57:20.012Z" },
    { url = "https://files.pythonhosted.org/packages/e1/ef/dd08b2cac9284fd59e70f7d97382c33a3d0a926e45b15fc21b3308324ffd/charset_normalizer-3.4.3-cp39-cp39-musllinux_1_2_s390x.whl", hash = "sha256:511729f456829ef86ac41ca78c63a5cb55240ed23b4b737faca0eb1abb1c41bc", size = 159096, upload-time = "2025-08-09T07:57:21.329Z" },
    { url = "https://files.pythonhosted.org/packages/45/8c/dcef87cfc2b3f002a6478f38906f9040302c68aebe21468090e39cde1445/charset_normalizer-3.4.3-cp39-cp39-musllinux_1_2_x86_64.whl", hash = "sha256:88ab34806dea0671532d3f82d82b85e8fc23d7b2dd12fa837978dad9bb392a34", size = 153852, upload-time = "2025-08-09T07:57:22.608Z" },
    { url = "https://files.pythonhosted.org/packages/63/86/9cbd533bd37883d467fcd1bd491b3547a3532d0fbb46de2b99feeebf185e/charset_normalizer-3.4.3-cp39-cp39-win32.whl", hash = "sha256:16a8770207946ac75703458e2c743631c79c59c5890c80011d536248f8eaa432", size = 99840, upload-time = "2025-08-09T07:57:23.883Z" },
    { url = "https://files.pythonhosted.org/packages/ce/d6/7e805c8e5c46ff9729c49950acc4ee0aeb55efb8b3a56687658ad10c3216/charset_normalizer-3.4.3-cp39-cp39-win_amd64.whl", hash = "sha256:d22dbedd33326a4a5190dd4fe9e9e693ef12160c77382d9e87919bce54f3d4ca", size = 107438, upload-time = "2025-08-09T07:57:25.287Z" },
    { url = "https://files.pythonhosted.org/packages/8a/1f/f041989e93b001bc4e44bb1669ccdcf54d3f00e628229a85b08d330615c5/charset_normalizer-3.4.3-py3-none-any.whl", hash = "sha256:ce571ab16d890d23b5c278547ba694193a45011ff86a9162a71307ed9f86759a", size = 53175, upload-time = "2025-08-09T07:57:26.864Z" },
]

[[package]]
name = "idna"
version = "3.10"
source = { registry = "https://pypi.org/simple" }
sdist = { url = "https://files.pythonhosted.org/packages/f1/70/7703c29685631f5a7590aa73f1f1d3fa9a380e654b86af429e0934a32f7d/idna-3.10.tar.gz", hash = "sha256:12f65c9b470abda6dc35cf8e63cc574b1c52b11df2c86030af0ac09b01b13ea9", size = 190490, upload-time = "2024-09-15T18:07:39.745Z" }
wheels = [
    { url = "https://files.pythonhosted.org/packages/76/c6/c88e154df9c4e1a2a66ccf0005a88dfb2650c1dffb6f5ce603dfbd452ce3/idna-3.10-py3-none-any.whl", hash = "sha256:946d195a0d259cbba61165e88e65941f16e9b36ea6ddb97f00452bae8b1287d3", size = 70442, upload-time = "2024-09-15T18:07:37.964Z" },
]

[[package]]
name = "pygame"
version = "2.6.1"
source = { registry = "https://pypi.org/simple" }
sdist = { url = "https://files.pythonhosted.org/packages/49/cc/08bba60f00541f62aaa252ce0cfbd60aebd04616c0b9574f755b583e45ae/pygame-2.6.1.tar.gz", hash = "sha256:56fb02ead529cee00d415c3e007f75e0780c655909aaa8e8bf616ee09c9feb1f", size = 14808125, upload-time = "2024-09-29T13:41:34.698Z" }
wheels = [
    { url = "https://files.pythonhosted.org/packages/54/0b/334c7c50a2979e15f2a027a41d1ca78ee730d5b1c7f7f4b26d7cb899839d/pygame-2.6.1-cp310-cp310-macosx_10_9_x86_64.whl", hash = "sha256:9beeb647e555afb5657111fa83acb74b99ad88761108eaea66472e8b8547b55b", size = 13109297, upload-time = "2024-09-29T14:25:34.709Z" },
    { url = "https://files.pythonhosted.org/packages/dc/48/f8b1069788d1bd42e63a960d74d3355242480b750173a42b2749687578ca/pygame-2.6.1-cp310-cp310-macosx_11_0_arm64.whl", hash = "sha256:10e3d2a55f001f6c0a6eb44aa79ea7607091c9352b946692acedb2ac1482f1c9", size = 12375837, upload-time = "2024-09-29T14:25:50.538Z" },
    { url = "https://files.pythonhosted.org/packages/bc/33/a1310386b8913ce1bdb90c33fa536970e299ad57eb35785f1d71ea1e2ad3/pygame-2.6.1-cp310-cp310-manylinux_2_17_aarch64.manylinux2014_aarch64.whl", hash = "sha256:816e85000c5d8b02a42b9834f761a5925ef3377d2924e3a7c4c143d2990ce5b8", size = 13607860, upload-time = "2024-09-29T11:10:44.173Z" },
    { url = "https://files.pythonhosted.org/packages/88/0f/4e37b115056e43714e7550054dd3cd7f4d552da54d7fc58a2fb1407acda5/pygame-2.6.1-cp310-cp310-manylinux_2_17_i686.manylinux2014_i686.whl", hash = "sha256:8a78fd030d98faab4a8e27878536fdff7518d3e062a72761c552f624ebba5a5f", size = 14304696, upload-time = "2024-09-29T11:39:46.724Z" },
    { url = "https://files.pythonhosted.org/packages/11/b3/de6ed93ae483cf3bac8f950a955e83f7ffe59651fd804d100fff65d66d6c/pygame-2.6.1-cp310-cp310-manylinux_2_17_x86_64.manylinux2014_x86_64.whl", hash = "sha256:da3ad64d685f84a34ebe5daacb39fff14f1251acb34c098d760d63fee768f50c", size = 13977684, upload-time = "2024-09-29T11:39:49.921Z" },
    { url = "https://files.pythonhosted.org/packages/d3/05/d86440aa879708c41844bafc6b3eb42c6d8cf54082482499b53139133e2a/pygame-2.6.1-cp310-cp310-win32.whl", hash = "sha256:9dd5c054d4bd875a8caf978b82672f02bec332f52a833a76899220c460bb4b58", size = 10251775, upload-time = "2024-09-29T11:40:34.952Z" },
    { url = "https://files.pythonhosted.org/packages/38/88/8de61324775cf2c844a51d8db14a8a6d2a9092312f27678f6eaa3a460376/pygame-2.6.1-cp310-cp310-win_amd64.whl", hash = "sha256:00827aba089355925902d533f9c41e79a799641f03746c50a374dc5c3362e43d", size = 10618801, upload-time = "2024-09-29T12:13:25.284Z" },
    { url = "https://files.pythonhosted.org/packages/c4/ca/8f367cb9fe734c4f6f6400e045593beea2635cd736158f9fabf58ee14e3c/pygame-2.6.1-cp311-cp311-macosx_10_9_x86_64.whl", hash = "sha256:20349195326a5e82a16e351ed93465a7845a7e2a9af55b7bc1b2110ea3e344e1", size = 13113753, upload-time = "2024-09-29T14:26:13.751Z" },
    { url = "https://files.pythonhosted.org/packages/83/47/6edf2f890139616b3219be9cfcc8f0cb8f42eb15efd59597927e390538cb/pygame-2.6.1-cp311-cp311-macosx_11_0_arm64.whl", hash = "sha256:f3935459109da4bb0b3901da9904f0a3e52028a3332a355d298b1673a334cf21", size = 12378146, upload-time = "2024-09-29T14:26:22.456Z" },
    { url = "https://files.pythonhosted.org/packages/00/9e/0d8aa8cf93db2d2ee38ebaf1c7b61d0df36ded27eb726221719c150c673d/pygame-2.6.1-cp311-cp311-manylinux_2_17_aarch64.manylinux2014_aarch64.whl", hash = "sha256:c31dbdb5d0217f32764797d21c2752e258e5fb7e895326538d82b5f75a0cd856", size = 13611760, upload-time = "2024-09-29T11:10:47.317Z" },
    { url = "https://files.pythonhosted.org/packages/d7/9e/d06adaa5cc65876bcd7a24f59f67e07f7e4194e6298130024ed3fb22c456/pygame-2.6.1-cp311-cp311-manylinux_2_17_i686.manylinux2014_i686.whl", hash = "sha256:173badf82fa198e6888017bea40f511cb28e69ecdd5a72b214e81e4dcd66c3b1", size = 14298054, upload-time = "2024-09-29T11:39:53.891Z" },
    { url = "https://files.pythonhosted.org/packages/7a/a1/9ae2852ebd3a7cc7d9ae7ff7919ab983e4a5c1b7a14e840732f23b2b48f6/pygame-2.6.1-cp311-cp311-manylinux_2_17_x86_64.manylinux2014_x86_64.whl", hash = "sha256:ce8cc108b92de9b149b344ad2e25eedbe773af0dc41dfb24d1f07f679b558c60", size = 13977107, upload-time = "2024-09-29T11:39:56.831Z" },
    { url = "https://files.pythonhosted.org/packages/31/df/6788fd2e9a864d0496a77670e44a7c012184b7a5382866ab0e60c55c0f28/pygame-2.6.1-cp311-cp311-win32.whl", hash = "sha256:811e7b925146d8149d79193652cbb83e0eca0aae66476b1cb310f0f4226b8b5c", size = 10250863, upload-time = "2024-09-29T11:44:48.199Z" },
    { url = "https://files.pythonhosted.org/packages/d2/55/ca3eb851aeef4f6f2e98a360c201f0d00bd1ba2eb98e2c7850d80aabc526/pygame-2.6.1-cp311-cp311-win_amd64.whl", hash = "sha256:91476902426facd4bb0dad4dc3b2573bc82c95c71b135e0daaea072ed528d299", size = 10622016, upload-time = "2024-09-29T12:17:01.545Z" },
    { url = "https://files.pythonhosted.org/packages/92/16/2c602c332f45ff9526d61f6bd764db5096ff9035433e2172e2d2cadae8db/pygame-2.6.1-cp312-cp312-macosx_10_9_x86_64.whl", hash = "sha256:4ee7f2771f588c966fa2fa8b829be26698c9b4836f82ede5e4edc1a68594942e", size = 13118279, upload-time = "2024-09-29T14:26:30.427Z" },
    { url = "https://files.pythonhosted.org/packages/cd/53/77ccbc384b251c6e34bfd2e734c638233922449a7844e3c7a11ef91cee39/pygame-2.6.1-cp312-cp312-macosx_11_0_arm64.whl", hash = "sha256:c8040ea2ab18c6b255af706ec01355c8a6b08dc48d77fd4ee783f8fc46a843bf", size = 12384524, upload-time = "2024-09-29T14:26:49.996Z" },
    { url = "https://files.pythonhosted.org/packages/06/be/3ed337583f010696c3b3435e89a74fb29d0c74d0931e8f33c0a4246307a9/pygame-2.6.1-cp312-cp312-manylinux_2_17_aarch64.manylinux2014_aarch64.whl", hash = "sha256:c47a6938de93fa610accd4969e638c2aebcb29b2fca518a84c3a39d91ab47116", size = 13587123, upload-time = "2024-09-29T11:10:50.072Z" },
    { url = "https://files.pythonhosted.org/packages/fd/ca/b015586a450db59313535662991b34d24c1f0c0dc149cc5f496573900f4e/pygame-2.6.1-cp312-cp312-manylinux_2_17_i686.manylinux2014_i686.whl", hash = "sha256:33006f784e1c7d7e466fcb61d5489da59cc5f7eb098712f792a225df1d4e229d", size = 14275532, upload-time = "2024-09-29T11:39:59.356Z" },
    { url = "https://files.pythonhosted.org/packages/b9/f2/d31e6ad42d657af07be2ffd779190353f759a07b51232b9e1d724f2cda46/pygame-2.6.1-cp312-cp312-manylinux_2_17_x86_64.manylinux2014_x86_64.whl", hash = "sha256:1206125f14cae22c44565c9d333607f1d9f59487b1f1432945dfc809aeaa3e88", size = 13952653, upload-time = "2024-09-29T11:40:01.781Z" },
    { url = "https://files.pythonhosted.org/packages/f3/42/8ea2a6979e6fa971702fece1747e862e2256d4a8558fe0da6364dd946c53/pygame-2.6.1-cp312-cp312-win32.whl", hash = "sha256:84fc4054e25262140d09d39e094f6880d730199710829902f0d8ceae0213379e", size = 10252421, upload-time = "2024-09-29T11:14:26.877Z" },
    { url = "https://files.pythonhosted.org/packages/5f/90/7d766d54bb95939725e9a9361f9c06b0cfbe3fe100aa35400f0a461a278a/pygame-2.6.1-cp312-cp312-win_amd64.whl", hash = "sha256:3a9e7396be0d9633831c3f8d5d82dd63ba373ad65599628294b7a4f8a5a01a65", size = 10624591, upload-time = "2024-09-29T11:52:54.489Z" },
    { url = "https://files.pythonhosted.org/packages/e1/91/718acf3e2a9d08a6ddcc96bd02a6f63c99ee7ba14afeaff2a51c987df0b9/pygame-2.6.1-cp313-cp313-macosx_10_13_x86_64.whl", hash = "sha256:ae6039f3a55d800db80e8010f387557b528d34d534435e0871326804df2a62f2", size = 13090765, upload-time = "2024-09-29T14:27:02.377Z" },
    { url = "https://files.pythonhosted.org/packages/0e/c6/9cb315de851a7682d9c7568a41ea042ee98d668cb8deadc1dafcab6116f0/pygame-2.6.1-cp313-cp313-macosx_11_0_arm64.whl", hash = "sha256:2a3a1288e2e9b1e5834e425bedd5ba01a3cd4902b5c2bff8ed4a740ccfe98171", size = 12381704, upload-time = "2024-09-29T14:27:10.228Z" },
    { url = "https://files.pythonhosted.org/packages/9f/8f/617a1196e31ae3b46be6949fbaa95b8c93ce15e0544266198c2266cc1b4d/pygame-2.6.1-cp313-cp313-manylinux_2_17_aarch64.manylinux2014_aarch64.whl", hash = "sha256:27eb17e3dc9640e4b4683074f1890e2e879827447770470c2aba9f125f74510b", size = 13581091, upload-time = "2024-09-29T11:30:27.653Z" },
    { url = "https://files.pythonhosted.org/packages/3b/87/2851a564e40a2dad353f1c6e143465d445dab18a95281f9ea458b94f3608/pygame-2.6.1-cp313-cp313-manylinux_2_17_i686.manylinux2014_i686.whl", hash = "sha256:4c1623180e70a03c4a734deb9bac50fc9c82942ae84a3a220779062128e75f3b", size = 14273844, upload-time = "2024-09-29T11:40:04.138Z" },
    { url = "https://files.pythonhosted.org/packages/85/b5/aa23aa2e70bcba42c989c02e7228273c30f3b44b9b264abb93eaeff43ad7/pygame-2.6.1-cp313-cp313-manylinux_2_17_x86_64.manylinux2014_x86_64.whl", hash = "sha256:ef07c0103d79492c21fced9ad68c11c32efa6801ca1920ebfd0f15fb46c78b1c", size = 13951197, upload-time = "2024-09-29T11:40:06.785Z" },
    { url = "https://files.pythonhosted.org/packages/a6/06/29e939b34d3f1354738c7d201c51c250ad7abefefaf6f8332d962ff67c4b/pygame-2.6.1-cp313-cp313-win32.whl", hash = "sha256:3acd8c009317190c2bfd81db681ecef47d5eb108c2151d09596d9c7ea9df5c0e", size = 10249309, upload-time = "2024-09-29T11:10:23.329Z" },
    { url = "https://files.pythonhosted.org/packages/7e/11/17f7f319ca91824b86557e9303e3b7a71991ef17fd45286bf47d7f0a38e6/pygame-2.6.1-cp313-cp313-win_amd64.whl", hash = "sha256:813af4fba5d0b2cb8e58f5d95f7910295c34067dcc290d34f1be59c48bd1ea6a", size = 10620084, upload-time = "2024-09-29T11:48:51.587Z" },
    { url = "https://files.pythonhosted.org/packages/a7/ed/9f49258c5012a4642fe931e3d3fdb87a210a76c4680ce47ec049bb93afae/pygame-2.6.1-cp39-cp39-macosx_10_9_x86_64.whl", hash = "sha256:15efaa11a80a65dd589a95bebe812fa5bfc7e14946b638a424c5bd9ac6cca1a4", size = 12967001, upload-time = "2024-09-29T14:28:00.081Z" },
    { url = "https://files.pythonhosted.org/packages/53/e1/620110f7aebf9ae28073f9576b9ef1bf90dceabc0a88007d0241d842a501/pygame-2.6.1-cp39-cp39-macosx_11_0_arm64.whl", hash = "sha256:481cfe1bdbb7fe00acc5950c494c26f00240888619bdc396fc8c39a734797432", size = 12378764, upload-time = "2024-09-29T14:28:10.715Z" },
    { url = "https://files.pythonhosted.org/packages/d3/4d/3621df95571465fa09fc65d48b9c70b32c4271b5c11b60aeabf592d3222e/pygame-2.6.1-cp39-cp39-manylinux_2_17_aarch64.manylinux2014_aarch64.whl", hash = "sha256:5d09fd950725d187aa5207c0cb8eb9ab0d2f8ce9ab8d189c30eeb470e71b617e", size = 13612295, upload-time = "2024-09-29T11:11:02.753Z" },
    { url = "https://files.pythonhosted.org/packages/b8/7e/8f8357ea9b82bc2229a27f79ccff827a68033a6e5f2221da127422978a28/pygame-2.6.1-cp39-cp39-manylinux_2_17_i686.manylinux2014_i686.whl", hash = "sha256:163e66de169bd5670c86e27d0b74aad0d2d745e3b63cf4e7eb5b2bff1231ca8d", size = 14307883, upload-time = "2024-09-29T11:40:24.514Z" },
    { url = "https://files.pythonhosted.org/packages/75/9c/5cee30344ea2c5c2292c036719322d28decd2699c813b99cb0e636212f99/pygame-2.6.1-cp39-cp39-manylinux_2_17_x86_64.manylinux2014_x86_64.whl", hash = "sha256:fb6e8d0547f30ddc845f4fd1e33070ef548233ad0dbf21f7ecea768883d1bbdc", size = 13980247, upload-time = "2024-09-29T11:40:26.822Z" },
    { url = "https://files.pythonhosted.org/packages/62/57/3e97f6c05632ac3424578b4683ef9c36882b8796862517f72236111f76b9/pygame-2.6.1-cp39-cp39-win32.whl", hash = "sha256:d29eb9a93f12aa3d997b6e3c447ac85b2a4b142ab2548441523a8fcf5e216042", size = 10254889, upload-time = "2024-09-29T11:36:35.71Z" },
    { url = "https://files.pythonhosted.org/packages/77/a9/6e8cfee4005d9ec165afd9146b930bcb5b921ec66395105316d00e7db6f5/pygame-2.6.1-cp39-cp39-win_amd64.whl", hash = "sha256:6582aa71a681e02e55d43150a9ab41394e6bf4d783d2962a10aea58f424be060", size = 10622066, upload-time = "2024-09-29T12:09:40.932Z" },
    { url = "https://files.pythonhosted.org/packages/9a/2f/8458240c8908a550254c80b64f8c03d6d46156664df3515a1331ae730b4e/pygame-2.6.1-pp39-pypy39_pp73-macosx_10_15_x86_64.whl", hash = "sha256:bbb7167c92103a2091366e9af26d4914ba3776666e8677d3c93551353fffa626", size = 12782440, upload-time = "2024-09-29T14:28:25.73Z" },
    { url = "https://files.pythonhosted.org/packages/b8/a5/ef76a85da2cb7bc6b9fc54b0a56cf75f244c8adcd16bab8d0d9d7398bfed/pygame-2.6.1-pp39-pypy39_pp73-manylinux_2_17_i686.manylinux2014_i686.whl", hash = "sha256:17498a2b043bc0e795faedef1b081199c688890200aef34991c1941caa2d2c89", size = 14182026, upload-time = "2024-09-29T11:40:28.978Z" },
    { url = "https://files.pythonhosted.org/packages/8b/11/5519d3dfc8046822289dbd8ffde407e30ddb56b6f4a78ca39121a545a322/pygame-2.6.1-pp39-pypy39_pp73-manylinux_2_17_x86_64.manylinux2014_x86_64.whl", hash = "sha256:7103c60939bbc1e05cfc7ba3f1d2ad3bbf103b7828b82a7166a9ab6f51950146", size = 13869271, upload-time = "2024-09-29T11:40:31.176Z" },
]

[[package]]
name = "requests"
version = "2.32.5"
source = { registry = "https://pypi.org/simple" }
dependencies = [
    { name = "certifi" },
    { name = "charset-normalizer" },
    { name = "idna" },
    { name = "urllib3" },
]
sdist = { url = "https://files.pythonhosted.org/packages/c9/74/b3ff8e6c8446842c3f5c837e9c3dfcfe2018ea6ecef224c710c85ef728f4/requests-2.32.5.tar.gz", hash = "sha256:dbba0bac56e100853db0ea71b82b4dfd5fe2bf6d3754a8893c3af500cec7d7cf", size = 134517, upload-time = "2025-08-18T20:46:02.573Z" }
wheels = [
    { url = "https://files.pythonhosted.org/packages/1e/db/4254e3eabe8020b458f1a747140d32277ec7a271daf1d235b70dc0b4e6e3/requests-2.32.5-py3-none-any.whl", hash = "sha256:2462f94637a34fd532264295e186976db0f5d453d1cdd31473c85a6a161affb6", size = 64738, upload-time = "2025-08-18T20:46:00.542Z" },
]

[[package]]
name = "soupsieve"
version = "2.8"
source = { registry = "https://pypi.org/simple" }
sdist = { url = "https://files.pythonhosted.org/packages/6d/e6/21ccce3262dd4889aa3332e5a119a3491a95e8f60939870a3a035aabac0d/soupsieve-2.8.tar.gz", hash = "sha256:e2dd4a40a628cb5f28f6d4b0db8800b8f581b65bb380b97de22ba5ca8d72572f", size = 103472, upload-time = "2025-08-27T15:39:51.78Z" }
wheels = [
    { url = "https://files.pythonhosted.org/packages/14/a0/bb38d3b76b8cae341dad93a2dd83ab7462e6dbcdd84d43f54ee60a8dc167/soupsieve-2.8-py3-none-any.whl", hash = "sha256:0cc76456a30e20f5d7f2e14a98a4ae2ee4e5abdc7c5ea0aafe795f344bc7984c", size = 36679, upload-time = "2025-08-27T15:39:50.179Z" },
]

[[package]]
name = "terminal-karaoke"
version = "1.0.5"
source = { editable = "." }
dependencies = [
    { name = "beautifulsoup4" },
    { name = "pygame" },
    { name = "requests" },
    { name = "windows-curses" },
    { name = "yt-dlp" },
]

[package.metadata]
requires-dist = [
    { name = "beautifulsoup4", specifier = ">=4.13.5" },
    { name = "pygame", specifier = ">=2.6.1" },
    { name = "requests", specifier = ">=2.32.5" },
    { name = "windows-curses", specifier = ">=2.4.1" },
    { name = "yt-dlp", specifier = ">=2025.8.27" },
]

[[package]]
name = "typing-extensions"
version = "4.15.0"
source = { registry = "https://pypi.org/simple" }
sdist = { url = "https://files.pythonhosted.org/packages/72/94/1a15dd82efb362ac84269196e94cf00f187f7ed21c242792a923cdb1c61f/typing_extensions-4.15.0.tar.gz", hash = "sha256:0cea48d173cc12fa28ecabc3b837ea3cf6f38c6d1136f85cbaaf598984861466", size = 109391, upload-time = "2025-08-25T13:49:26.313Z" }
wheels = [
    { url = "https://files.pythonhosted.org/packages/18/67/36e9267722cc04a6b9f15c7f3441c2363321a3ea07da7ae0c0707beb2a9c/typing_extensions-4.15.0-py3-none-any.whl", hash = "sha256:f0fa19c6845758ab08074a0cfa8b7aecb71c999ca73d62883bc25cc018c4e548", size = 44614, upload-time = "2025-08-25T13:49:24.86Z" },
]

[[package]]
name = "urllib3"
version = "2.5.0"
source = { registry = "https://pypi.org/simple" }
sdist = { url = "https://files.pythonhosted.org/packages/15/22/9ee70a2574a4f4599c47dd506532914ce044817c7752a79b6a51286319bc/urllib3-2.5.0.tar.gz", hash = "sha256:3fc47733c7e419d4bc3f6b3dc2b4f890bb743906a30d56ba4a5bfa4bbff92760", size = 393185, upload-time = "2025-06-18T14:07:41.644Z" }
wheels = [
    { url = "https://files.pythonhosted.org/packages/a7/c2/fe1e52489ae3122415c51f387e221dd0773709bad6c6cdaa599e8a2c5185/urllib3-2.5.0-py3-none-any.whl", hash = "sha256:e6b01673c0fa6a13e374b50871808eb3bf7046c4b125b216f6bf1cc604cff0dc", size = 129795, upload-time = "2025-06-18T14:07:40.39Z" },
]

[[package]]
name = "windows-curses"
version = "2.4.1"
source = { registry = "https://pypi.org/simple" }
wheels = [
    { url = "https://files.pythonhosted.org/packages/15/34/e70815e7ae6f157c00121180a607dbcdc82acfd949c70bba28c45d206dec/windows_curses-2.4.1-cp310-cp310-win32.whl", hash = "sha256:53d711e07194d0d3ff7ceff29e0955b35479bc01465d46c3041de67b8141db2f", size = 71136, upload-time = "2025-01-11T00:26:15.273Z" },
    { url = "https://files.pythonhosted.org/packages/a6/1d/1bb512c445af24fb0a3dccf9537c8727bba5920e69539227b87f5351f608/windows_curses-2.4.1-cp310-cp310-win_amd64.whl", hash = "sha256:325439cd4f37897a1de8a9c068a5b4c432f9244bf9c855ee2fbeb3fa721a770c", size = 81418, upload-time = "2025-01-11T00:26:16.963Z" },
    { url = "https://files.pythonhosted.org/packages/74/b3/46a2508fff83b5affb5a311797c584c494b4b0c4c8796a1afa2c1b1e03ac/windows_curses-2.4.1-cp311-cp311-win32.whl", hash = "sha256:4fa1a176bfcf098d0c9bb7bc03dce6e83a4257fc0c66ad721f5745ebf0c00746", size = 71129, upload-time = "2025-01-11T00:26:19.137Z" },
    { url = "https://files.pythonhosted.org/packages/50/29/fd7c0c80177d8df55f841504a5f332b95b0002c80f82055913b6caac94e6/windows_curses-2.4.1-cp311-cp311-win_amd64.whl", hash = "sha256:fd7d7a9cf6c1758f46ed76b8c67f608bc5fcd5f0ca91f1580fd2d84cf41c7f4f", size = 81431, upload-time = "2025-01-11T00:26:20.359Z" },
    { url = "https://files.pythonhosted.org/packages/f4/99/60f34e51514c82631aa5c6d21eab88ce1701562de9844608411e39462a46/windows_curses-2.4.1-cp312-cp312-win32.whl", hash = "sha256:bdbe7d58747408aef8a9128b2654acf6fbd11c821b91224b9a046faba8c6b6ca", size = 71489, upload-time = "2025-01-11T00:26:22.726Z" },
    { url = "https://files.pythonhosted.org/packages/62/8f/d908bcab1954375b156a9300fa86ceccb110f39457cd6fd59c72777626ab/windows_curses-2.4.1-cp312-cp312-win_amd64.whl", hash = "sha256:5c9c2635faf171a229caca80e1dd760ab00db078e2a285ba2f667bbfcc31777c", size = 81777, upload-time = "2025-01-11T00:26:25.273Z" },
    { url = "https://files.pythonhosted.org/packages/25/a0/e8d074f013117633f6b502ca123ecfc377fe0bd36818fe65e8935c91ca9c/windows_curses-2.4.1-cp313-cp313-win32.whl", hash = "sha256:05d1ca01e5199a435ccb6c8c2978df4a169cdff1ec99ab15f11ded9de8e5be26", size = 71390, upload-time = "2025-01-11T00:26:27.66Z" },
    { url = "https://files.pythonhosted.org/packages/2b/4b/2838a829b074a68c570d54ae0ae8539979657d3e619a4dc5a4b03eb69745/windows_curses-2.4.1-cp313-cp313-win_amd64.whl", hash = "sha256:8cf653f8928af19c103ae11cfed38124f418dcdd92643c4cd17239c0cec2f9da", size = 81636, upload-time = "2025-01-11T00:26:29.595Z" },
    { url = "https://files.pythonhosted.org/packages/5a/07/8684dabf0d8c54b2e3ffb6bbc0f0e162b0817008c0f98cca4e04f9a9e72c/windows_curses-2.4.1-cp39-cp39-win32.whl", hash = "sha256:775a2e0fefeddfdb0e00b3fa6c4f21caf9982db34df30e4e62c49caaef7b5e56", size = 76858, upload-time = "2025-01-11T00:26:41.783Z" },
    { url = "https://files.pythonhosted.org/packages/58/de/b050bb1dc40ce48afb477198fb65abe51580c03a165492fce1e8fa61efd5/windows_curses-2.4.1-cp39-cp39-win_amd64.whl", hash = "sha256:4588213f7ef3b0c24c5cb9e309653d7a84c1792c707561e8b471d466ca79f2b8", size = 89536, upload-time = "2025-01-11T00:26:43.11Z" },
]

[[package]]
name = "yt-dlp"
version = "2025.8.27"
source = { registry = "https://pypi.org/simple" }
sdist = { url = "https://files.pythonhosted.org/packages/f4/d4/d9dd231b03f09fdfb5f0fe70f30de0b5f59454aa54fa6b2b2aea49404988/yt_dlp-2025.8.27.tar.gz", hash = "sha256:ed74768d2a93b29933ab14099da19497ef571637f7aa375140dd3d882b9c1854", size = 3038374, upload-time = "2025-08-28T00:03:41.418Z" }
wheels = [
    { url = "https://files.pythonhosted.org/packages/cb/9c/b69fc0c800f80b94ea2f8eff1d1f473fecee6aa337681d297ba7c7c5d3fd/yt_dlp-2025.8.27-py3-none-any.whl", hash = "sha256:0b8fd3bb7c54bc2e7ecb5cdac7d64c30e2503ea4d3dd9ae24d4f09e22aaa95f4", size = 3267059, upload-time = "2025-08-28T00:03:38.793Z" },
]
